
Microsoft Visual Studio Solution File, Format Version 12.00
# Visual Studio Version 16
VisualStudioVersion = 16.0.29806.167
MinimumVisualStudioVersion = 10.0.40219.1
Project("{FAE04EC0-301F-11D3-BF4B-00C04F79EFBC}") = "tp_project_freelance_platform_api", "tp_project_freelance_platform_api\tp_project_freelance_platform_api.csproj", "{0497E95D-5B79-4BA3-9CD1-102878C3C77B}"
EndProject
Global
	GlobalSection(SolutionConfigurationPlatforms) = preSolution
		Debug|Any CPU = Debug|Any CPU
		Release|Any CPU = Release|Any CPU
	EndGlobalSection
	GlobalSection(ProjectConfigurationPlatforms) = postSolution
		{0497E95D-5B79-4BA3-9CD1-102878C3C77B}.Debug|Any CPU.ActiveCfg = Debug|Any CPU
		{0497E95D-5B79-4BA3-9CD1-102878C3C77B}.Debug|Any CPU.Build.0 = Debug|Any CPU
		{0497E95D-5B79-4BA3-9CD1-102878C3C77B}.Release|Any CPU.ActiveCfg = Release|Any CPU
		{0497E95D-5B79-4BA3-9CD1-102878C3C77B}.Release|Any CPU.Build.0 = Release|Any CPU
	EndGlobalSection
	GlobalSection(SolutionProperties) = preSolution
		HideSolutionNode = FALSE
	EndGlobalSection
	GlobalSection(ExtensibilityGlobals) = postSolution
		SolutionGuid = {167865CC-E2E0-403B-A37E-964BF658343D}
	EndGlobalSection
EndGlobal
